
Microsoft Visual Studio Solution File, Format Version 12.00
# Visual Studio Version 17
VisualStudioVersion = 17.0.31912.275
MinimumVisualStudioVersion = 10.0.40219.1
Project("{FAE04EC0-301F-11D3-BF4B-00C04F79EFBC}") = "GameDocAddinForWord", "GameDocAddinForWord\GameDocAddinForWord.csproj", "{AF010E52-A62B-4F30-88A9-93DE07494872}"
EndProject
Global
	GlobalSection(SolutionConfigurationPlatforms) = preSolution
		Debug|Any CPU = Debug|Any CPU
		Release|Any CPU = Release|Any CPU
	EndGlobalSection
	GlobalSection(ProjectConfigurationPlatforms) = postSolution
		{AF010E52-A62B-4F30-88A9-93DE07494872}.Debug|Any CPU.ActiveCfg = Debug|Any CPU
		{AF010E52-A62B-4F30-88A9-93DE07494872}.Debug|Any CPU.Build.0 = Debug|Any CPU
		{AF010E52-A62B-4F30-88A9-93DE07494872}.Release|Any CPU.ActiveCfg = Release|Any CPU
		{AF010E52-A62B-4F30-88A9-93DE07494872}.Release|Any CPU.Build.0 = Release|Any CPU
	EndGlobalSection
	GlobalSection(SolutionProperties) = preSolution
		HideSolutionNode = FALSE
	EndGlobalSection
	GlobalSection(ExtensibilityGlobals) = postSolution
		SolutionGuid = {28FBF7CF-AAF5-492A-B569-1E96D92B1200}
	EndGlobalSection
EndGlobal
